{
    "version": 3,
    "terraform_version": "0.11.11",
    "serial": 2,
    "lineage": "6d910aa3-451c-26f9-e2aa-2a7cdc42e291",
    "modules": [
        {
            "path": [
                "root"
            ],
            "outputs": {},
            "resources": {
                "random_id.name": {
                    "type": "random_id",
                    "depends_on": [],
                    "primary": {
                        "id": "bmLZgA",
                        "attributes": {
                            "b64": "bmLZgA",
                            "b64_std": "bmLZgA==",
                            "b64_url": "bmLZgA",
                            "byte_length": "4",
                            "dec": "1851971968",
                            "hex": "6e62d980",
                            "id": "bmLZgA"
                        },
                        "meta": {},
                        "tainted": false
                    },
                    "deposed": [],
                    "provider": "provider.random"
                }
            },
            "depends_on": []
        }
    ]
}
